{
  "name": "srcset-codegen",
  "version": "1.0.4",
  "lockfileVersion": 2,
  "requires": true,
  "packages": {
    "": {
      "name": "srcset-codegen",
      "version": "1.0.4",
      "license": "ISC",
      "dependencies": {
        "@types/node": "^20.12.7",
        "camelcase": "^8.0.0",
        "clerc": "^0.44.0"
      },
      "bin": {
        "srcset-codegen": "srcset-codegen-cli.mjs"
      }
    },
    "node_modules/@babel/runtime": {
      "version": "7.24.5",
      "resolved": "https://registry.npmjs.org/@babel/runtime/-/runtime-7.24.5.tgz",
      "integrity": "sha512-Nms86NXrsaeU9vbBJKni6gXiEXZ4CVpYVzEjDH9Sb8vmZ3UljyA1GSOJl/6LGPO8EHLuSF9H+IxNXHPX8QHJ4g==",
      "dependencies": {
        "regenerator-runtime": "^0.14.0"
      },
      "engines": {
        "node": ">=6.9.0"
      }
    },
    "node_modules/@clerc/core": {
      "version": "0.44.0",
      "resolved": "https://registry.npmjs.org/@clerc/core/-/core-0.44.0.tgz",
      "integrity": "sha512-o8RgXNcMRoHRujSw9OPDMxqrmoNk7HG0XAZkjZgOrSyIfRXCf85VLyHGBT3XmaOrPEGY964h02ZxMVFdp8RnNQ==",
      "dependencies": {
        "@clerc/utils": "0.44.0",
        "defu": "^6.1.2",
        "is-platform": "^1.0.0",
        "lite-emit": "^2.3.0",
        "type-fest": "^4.3.1",
        "type-flag": "^3.0.0"
      }
    },
    "node_modules/@clerc/plugin-completions": {
      "version": "0.44.0",
      "resolved": "https://registry.npmjs.org/@clerc/plugin-completions/-/plugin-completions-0.44.0.tgz",
      "integrity": "sha512-r69KpaB+EcWccqe31OwK5iyJQZmgmhxJjEBL4RAGlRr2tu6MRX42AOmD3GDW+ZPHkc4D9NJdkqukLboTJlbycA==",
      "dependencies": {
        "@clerc/utils": "0.44.0"
      },
      "peerDependencies": {
        "@clerc/core": "*"
      }
    },
    "node_modules/@clerc/plugin-friendly-error": {
      "version": "0.44.0",
      "resolved": "https://registry.npmjs.org/@clerc/plugin-friendly-error/-/plugin-friendly-error-0.44.0.tgz",
      "integrity": "sha512-hbGp+T+fl9Dz+Ln1LGoijbNL7N+RfBqhSRWtT55QdFPs86O7Mi5oqiqIrUS9wDpaHzJGn+ETFPIOUyDRdrD8ag==",
      "dependencies": {
        "kons": "^0.7.1"
      },
      "peerDependencies": {
        "@clerc/core": "*"
      }
    },
    "node_modules/@clerc/plugin-help": {
      "version": "0.44.0",
      "resolved": "https://registry.npmjs.org/@clerc/plugin-help/-/plugin-help-0.44.0.tgz",
      "integrity": "sha512-QIH+Lrk6WZtXKNxEAA4gOk7dwseS7U0jTZ0TbJfcyOoNA3fF2p48UV8c7hmKk7OhfPS5009eJRW5CVQEgBB8Ng==",
      "dependencies": {
        "@clerc/utils": "0.44.0",
        "@types/text-table": "^0.2.3",
        "string-width": "^6.1.0",
        "text-table": "^0.2.0",
        "yoctocolors": "^1.0.0"
      },
      "peerDependencies": {
        "@clerc/core": "*"
      }
    },
    "node_modules/@clerc/plugin-not-found": {
      "version": "0.44.0",
      "resolved": "https://registry.npmjs.org/@clerc/plugin-not-found/-/plugin-not-found-0.44.0.tgz",
      "integrity": "sha512-8GIxDv/V2qaKRJKy+jjHAmlCEbTabLYPIeklqY231skiNOYCDQ3wJS3isP7EQgARfhm0otMDRXPPC2aNfSJjRw==",
      "dependencies": {
        "@clerc/utils": "0.44.0",
        "didyoumean2": "^6.0.1",
        "yoctocolors": "^1.0.0"
      },
      "peerDependencies": {
        "@clerc/core": "*"
      }
    },
    "node_modules/@clerc/plugin-strict-flags": {
      "version": "0.44.0",
      "resolved": "https://registry.npmjs.org/@clerc/plugin-strict-flags/-/plugin-strict-flags-0.44.0.tgz",
      "integrity": "sha512-8ztQrn4pfCj6b/sDN1mU0MVlfSqp3qHohW59v6k6nS3UUnYytJDU5wZQZmQ+7t3DZqjw+Xle6ZzEIWQatAdZ9A==",
      "peerDependencies": {
        "@clerc/core": "*"
      }
    },
    "node_modules/@clerc/plugin-version": {
      "version": "0.44.0",
      "resolved": "https://registry.npmjs.org/@clerc/plugin-version/-/plugin-version-0.44.0.tgz",
      "integrity": "sha512-YETH54A0sO32oJcLABpb4P5FyhEkhIhe5oe3IXyeUj9/LMcInvKCm6x/gDMIUjTQuh0a5l4iton0A1RscAANhw==",
      "dependencies": {
        "@clerc/utils": "0.44.0"
      },
      "peerDependencies": {
        "@clerc/core": "*"
      }
    },
    "node_modules/@clerc/utils": {
      "version": "0.44.0",
      "resolved": "https://registry.npmjs.org/@clerc/utils/-/utils-0.44.0.tgz",
      "integrity": "sha512-//1zl8UgVhv1NbqsRoCWWci0Y9uBxzAVn8TqoKZchDywGQNZWK6vQI/Ms9uGe3+PZTDXedoXbVjklOINcVC2aA==",
      "peerDependencies": {
        "@clerc/core": "*"
      }
    },
    "node_modules/@types/node": {
      "version": "20.12.7",
      "resolved": "https://registry.npmjs.org/@types/node/-/node-20.12.7.tgz",
      "integrity": "sha512-wq0cICSkRLVaf3UGLMGItu/PtdY7oaXaI/RVU+xliKVOtRna3PRY57ZDfztpDL0n11vfymMUnXv8QwYCO7L1wg==",
      "dependencies": {
        "undici-types": "~5.26.4"
      }
    },
    "node_modules/@types/text-table": {
      "version": "0.2.5",
      "resolved": "https://registry.npmjs.org/@types/text-table/-/text-table-0.2.5.tgz",
      "integrity": "sha512-hcZhlNvMkQG/k1vcZ6yHOl6WAYftQ2MLfTHcYRZ2xYZFD8tGVnE3qFV0lj1smQeDSR7/yY0PyuUalauf33bJeA=="
    },
    "node_modules/ansi-regex": {
      "version": "6.0.1",
      "resolved": "https://registry.npmjs.org/ansi-regex/-/ansi-regex-6.0.1.tgz",
      "integrity": "sha512-n5M855fKb2SsfMIiFFoVrABHJC8QtHwVx+mHWP3QcEqBHYienj5dHSgjbxtC0WEZXYt4wcD6zrQElDPhFuZgfA==",
      "engines": {
        "node": ">=12"
      },
      "funding": {
        "url": "https://github.com/chalk/ansi-regex?sponsor=1"
      }
    },
    "node_modules/camelcase": {
      "version": "8.0.0",
      "resolved": "https://registry.npmjs.org/camelcase/-/camelcase-8.0.0.tgz",
      "integrity": "sha512-8WB3Jcas3swSvjIeA2yvCJ+Miyz5l1ZmB6HFb9R1317dt9LCQoswg/BGrmAmkWVEszSrrg4RwmO46qIm2OEnSA==",
      "engines": {
        "node": ">=16"
      },
      "funding": {
        "url": "https://github.com/sponsors/sindresorhus"
      }
    },
    "node_modules/clerc": {
      "version": "0.44.0",
      "resolved": "https://registry.npmjs.org/clerc/-/clerc-0.44.0.tgz",
      "integrity": "sha512-fy7JcE7qW3hi5hvPeaEXKdgzeOz3WwE8Nd1SCfOpOSyWxoFJsLuHwUhwFggvJqEJIQ6kLTLZ7yWguwoTcMXO5w==",
      "dependencies": {
        "@clerc/core": "0.44.0",
        "@clerc/plugin-completions": "0.44.0",
        "@clerc/plugin-friendly-error": "0.44.0",
        "@clerc/plugin-help": "0.44.0",
        "@clerc/plugin-not-found": "0.44.0",
        "@clerc/plugin-strict-flags": "0.44.0",
        "@clerc/plugin-version": "0.44.0"
      }
    },
    "node_modules/defu": {
      "version": "6.1.4",
      "resolved": "https://registry.npmjs.org/defu/-/defu-6.1.4.tgz",
      "integrity": "sha512-mEQCMmwJu317oSz8CwdIOdwf3xMif1ttiM8LTufzc3g6kR+9Pe236twL8j3IYT1F7GfRgGcW6MWxzZjLIkuHIg=="
    },
    "node_modules/didyoumean2": {
      "version": "6.0.1",
      "resolved": "https://registry.npmjs.org/didyoumean2/-/didyoumean2-6.0.1.tgz",
      "integrity": "sha512-PSy0zQwMg5O+LjT5Mz7vnKC8I7DfWLPF6M7oepqW7WP5mn2CY3hz46xZOa1GJY+KVfyXhdmz6+tdgXwrHlZc5g==",
      "hasInstallScript": true,
      "dependencies": {
        "@babel/runtime": "^7.19.0",
        "fastest-levenshtein": "^1.0.12",
        "lodash.deburr": "^4.1.0"
      },
      "engines": {
        "node": "^16.14.0 || >=18.12.0"
      }
    },
    "node_modules/eastasianwidth": {
      "version": "0.2.0",
      "resolved": "https://registry.npmjs.org/eastasianwidth/-/eastasianwidth-0.2.0.tgz",
      "integrity": "sha512-I88TYZWc9XiYHRQ4/3c5rjjfgkjhLyW2luGIheGERbNQ6OY7yTybanSpDXZa8y7VUP9YmDcYa+eyq4ca7iLqWA=="
    },
    "node_modules/emoji-regex": {
      "version": "10.3.0",
      "resolved": "https://registry.npmjs.org/emoji-regex/-/emoji-regex-10.3.0.tgz",
      "integrity": "sha512-QpLs9D9v9kArv4lfDEgg1X/gN5XLnf/A6l9cs8SPZLRZR3ZkY9+kwIQTxm+fsSej5UMYGE8fdoaZVIBlqG0XTw=="
    },
    "node_modules/escape-string-regexp": {
      "version": "5.0.0",
      "resolved": "https://registry.npmjs.org/escape-string-regexp/-/escape-string-regexp-5.0.0.tgz",
      "integrity": "sha512-/veY75JbMK4j1yjvuUxuVsiS/hr/4iHs9FTT6cgTexxdE0Ly/glccBAkloH/DofkjRbZU3bnoj38mOmhkZ0lHw==",
      "engines": {
        "node": ">=12"
      },
      "funding": {
        "url": "https://github.com/sponsors/sindresorhus"
      }
    },
    "node_modules/fastest-levenshtein": {
      "version": "1.0.16",
      "resolved": "https://registry.npmjs.org/fastest-levenshtein/-/fastest-levenshtein-1.0.16.tgz",
      "integrity": "sha512-eRnCtTTtGZFpQCwhJiUOuxPQWRXVKYDn0b2PeHfXL6/Zi53SLAzAHfVhVWK2AryC/WH05kGfxhFIPvTF0SXQzg==",
      "engines": {
        "node": ">= 4.9.1"
      }
    },
    "node_modules/figures": {
      "version": "5.0.0",
      "resolved": "https://registry.npmjs.org/figures/-/figures-5.0.0.tgz",
      "integrity": "sha512-ej8ksPF4x6e5wvK9yevct0UCXh8TTFlWGVLlgjZuoBH1HwjIfKE/IdL5mq89sFA7zELi1VhKpmtDnrs7zWyeyg==",
      "dependencies": {
        "escape-string-regexp": "^5.0.0",
        "is-unicode-supported": "^1.2.0"
      },
      "engines": {
        "node": ">=14"
      },
      "funding": {
        "url": "https://github.com/sponsors/sindresorhus"
      }
    },
    "node_modules/is-platform": {
      "version": "1.0.0",
      "resolved": "https://registry.npmjs.org/is-platform/-/is-platform-1.0.0.tgz",
      "integrity": "sha512-AKxe6+dvzAQsDXhhhxGRL9G67q5rKiyTL0BUl5mCyQz2NdvmqWNmMsjoCOIVdyXOYpP6MhkmZ1DPYGkfgv0MpA=="
    },
    "node_modules/is-unicode-supported": {
      "version": "1.3.0",
      "resolved": "https://registry.npmjs.org/is-unicode-supported/-/is-unicode-supported-1.3.0.tgz",
      "integrity": "sha512-43r2mRvz+8JRIKnWJ+3j8JtjRKZ6GmjzfaE/qiBJnikNnYv/6bagRJ1kUhNk8R5EX/GkobD+r+sfxCPJsiKBLQ==",
      "engines": {
        "node": ">=12"
      },
      "funding": {
        "url": "https://github.com/sponsors/sindresorhus"
      }
    },
    "node_modules/kons": {
      "version": "0.7.1",
      "resolved": "https://registry.npmjs.org/kons/-/kons-0.7.1.tgz",
      "integrity": "sha512-mW1CkTgrLeIQjiBYd1n0U73T/2W7Vdzxx8rpta5Q4cSDAlr8hXw+ZctxGZlGgdUAmlcDlpkh0vUX8AOW+y1dog==",
      "dependencies": {
        "figures": "5.0.0",
        "picocolors": "^1.0.0"
      }
    },
    "node_modules/lite-emit": {
      "version": "2.3.0",
      "resolved": "https://registry.npmjs.org/lite-emit/-/lite-emit-2.3.0.tgz",
      "integrity": "sha512-QMPrnwPho7lfkzZUN3a0RJ/oiwpt464eXf6aVh1HGOYh+s7Utu78q3FcFbW59c8TNWWQaz9flKN1cEb8dmxD+g=="
    },
    "node_modules/lodash.deburr": {
      "version": "4.1.0",
      "resolved": "https://registry.npmjs.org/lodash.deburr/-/lodash.deburr-4.1.0.tgz",
      "integrity": "sha512-m/M1U1f3ddMCs6Hq2tAsYThTBDaAKFDX3dwDo97GEYzamXi9SqUpjWi/Rrj/gf3X2n8ktwgZrlP1z6E3v/IExQ=="
    },
    "node_modules/picocolors": {
      "version": "1.0.0",
      "resolved": "https://registry.npmjs.org/picocolors/-/picocolors-1.0.0.tgz",
      "integrity": "sha512-1fygroTLlHu66zi26VoTDv8yRgm0Fccecssto+MhsZ0D/DGW2sm8E8AjW7NU5VVTRt5GxbeZ5qBuJr+HyLYkjQ=="
    },
    "node_modules/regenerator-runtime": {
      "version": "0.14.1",
      "resolved": "https://registry.npmjs.org/regenerator-runtime/-/regenerator-runtime-0.14.1.tgz",
      "integrity": "sha512-dYnhHh0nJoMfnkZs6GmmhFknAGRrLznOu5nc9ML+EJxGvrx6H7teuevqVqCuPcPK//3eDrrjQhehXVx9cnkGdw=="
    },
    "node_modules/string-width": {
      "version": "6.1.0",
      "resolved": "https://registry.npmjs.org/string-width/-/string-width-6.1.0.tgz",
      "integrity": "sha512-k01swCJAgQmuADB0YIc+7TuatfNvTBVOoaUWJjTB9R4VJzR5vNWzf5t42ESVZFPS8xTySF7CAdV4t/aaIm3UnQ==",
      "dependencies": {
        "eastasianwidth": "^0.2.0",
        "emoji-regex": "^10.2.1",
        "strip-ansi": "^7.0.1"
      },
      "engines": {
        "node": ">=16"
      },
      "funding": {
        "url": "https://github.com/sponsors/sindresorhus"
      }
    },
    "node_modules/strip-ansi": {
      "version": "7.1.0",
      "resolved": "https://registry.npmjs.org/strip-ansi/-/strip-ansi-7.1.0.tgz",
      "integrity": "sha512-iq6eVVI64nQQTRYq2KtEg2d2uU7LElhTJwsH4YzIHZshxlgZms/wIc4VoDQTlG/IvVIrBKG06CrZnp0qv7hkcQ==",
      "dependencies": {
        "ansi-regex": "^6.0.1"
      },
      "engines": {
        "node": ">=12"
      },
      "funding": {
        "url": "https://github.com/chalk/strip-ansi?sponsor=1"
      }
    },
    "node_modules/text-table": {
      "version": "0.2.0",
      "resolved": "https://registry.npmjs.org/text-table/-/text-table-0.2.0.tgz",
      "integrity": "sha512-N+8UisAXDGk8PFXP4HAzVR9nbfmVJ3zYLAWiTIoqC5v5isinhr+r5uaO8+7r3BMfuNIufIsA7RdpVgacC2cSpw=="
    },
    "node_modules/type-fest": {
      "version": "4.18.0",
      "resolved": "https://registry.npmjs.org/type-fest/-/type-fest-4.18.0.tgz",
      "integrity": "sha512-+dbmiyliDY/2TTcjCS7NpI9yV2iEFlUDk5TKnsbkN7ZoRu5s7bT+zvYtNFhFXC2oLwURGT2frACAZvbbyNBI+w==",
      "engines": {
        "node": ">=16"
      },
      "funding": {
        "url": "https://github.com/sponsors/sindresorhus"
      }
    },
    "node_modules/type-flag": {
      "version": "3.0.0",
      "resolved": "https://registry.npmjs.org/type-flag/-/type-flag-3.0.0.tgz",
      "integrity": "sha512-3YaYwMseXCAhBB14RXW5cRQfJQlEknS6i4C8fCfeUdS3ihG9EdccdR9kt3vP73ZdeTGmPb4bZtkDn5XMIn1DLA==",
      "funding": {
        "url": "https://github.com/privatenumber/type-flag?sponsor=1"
      }
    },
    "node_modules/undici-types": {
      "version": "5.26.5",
      "resolved": "https://registry.npmjs.org/undici-types/-/undici-types-5.26.5.tgz",
      "integrity": "sha512-JlCMO+ehdEIKqlFxk6IfVoAUVmgz7cU7zD/h9XZ0qzeosSHmUJVOzSQvvYSYWXkFXC+IfLKSIffhv0sVZup6pA=="
    },
    "node_modules/yoctocolors": {
      "version": "1.0.0",
      "resolved": "https://registry.npmjs.org/yoctocolors/-/yoctocolors-1.0.0.tgz",
      "integrity": "sha512-qJNAmSF77lWjfRVwCZK3PcKYWrr+55RUQTiXDxXHGbxzf8WuuRgftIB3hqZ5fykjOF/MC62cazsG/2ZDBedOnQ==",
      "engines": {
        "node": ">=14.16"
      },
      "funding": {
        "url": "https://github.com/sponsors/sindresorhus"
      }
    }
  },
  "dependencies": {
    "@babel/runtime": {
      "version": "7.24.5",
      "resolved": "https://registry.npmjs.org/@babel/runtime/-/runtime-7.24.5.tgz",
      "integrity": "sha512-Nms86NXrsaeU9vbBJKni6gXiEXZ4CVpYVzEjDH9Sb8vmZ3UljyA1GSOJl/6LGPO8EHLuSF9H+IxNXHPX8QHJ4g==",
      "requires": {
        "regenerator-runtime": "^0.14.0"
      }
    },
    "@clerc/core": {
      "version": "0.44.0",
      "resolved": "https://registry.npmjs.org/@clerc/core/-/core-0.44.0.tgz",
      "integrity": "sha512-o8RgXNcMRoHRujSw9OPDMxqrmoNk7HG0XAZkjZgOrSyIfRXCf85VLyHGBT3XmaOrPEGY964h02ZxMVFdp8RnNQ==",
      "requires": {
        "@clerc/utils": "0.44.0",
        "defu": "^6.1.2",
        "is-platform": "^1.0.0",
        "lite-emit": "^2.3.0",
        "type-fest": "^4.3.1",
        "type-flag": "^3.0.0"
      }
    },
    "@clerc/plugin-completions": {
      "version": "0.44.0",
      "resolved": "https://registry.npmjs.org/@clerc/plugin-completions/-/plugin-completions-0.44.0.tgz",
      "integrity": "sha512-r69KpaB+EcWccqe31OwK5iyJQZmgmhxJjEBL4RAGlRr2tu6MRX42AOmD3GDW+ZPHkc4D9NJdkqukLboTJlbycA==",
      "requires": {
        "@clerc/utils": "0.44.0"
      }
    },
    "@clerc/plugin-friendly-error": {
      "version": "0.44.0",
      "resolved": "https://registry.npmjs.org/@clerc/plugin-friendly-error/-/plugin-friendly-error-0.44.0.tgz",
      "integrity": "sha512-hbGp+T+fl9Dz+Ln1LGoijbNL7N+RfBqhSRWtT55QdFPs86O7Mi5oqiqIrUS9wDpaHzJGn+ETFPIOUyDRdrD8ag==",
      "requires": {
        "kons": "^0.7.1"
      }
    },
    "@clerc/plugin-help": {
      "version": "0.44.0",
      "resolved": "https://registry.npmjs.org/@clerc/plugin-help/-/plugin-help-0.44.0.tgz",
      "integrity": "sha512-QIH+Lrk6WZtXKNxEAA4gOk7dwseS7U0jTZ0TbJfcyOoNA3fF2p48UV8c7hmKk7OhfPS5009eJRW5CVQEgBB8Ng==",
      "requires": {
        "@clerc/utils": "0.44.0",
        "@types/text-table": "^0.2.3",
        "string-width": "^6.1.0",
        "text-table": "^0.2.0",
        "yoctocolors": "^1.0.0"
      }
    },
    "@clerc/plugin-not-found": {
      "version": "0.44.0",
      "resolved": "https://registry.npmjs.org/@clerc/plugin-not-found/-/plugin-not-found-0.44.0.tgz",
      "integrity": "sha512-8GIxDv/V2qaKRJKy+jjHAmlCEbTabLYPIeklqY231skiNOYCDQ3wJS3isP7EQgARfhm0otMDRXPPC2aNfSJjRw==",
      "requires": {
        "@clerc/utils": "0.44.0",
        "didyoumean2": "^6.0.1",
        "yoctocolors": "^1.0.0"
      }
    },
    "@clerc/plugin-strict-flags": {
      "version": "0.44.0",
      "resolved": "https://registry.npmjs.org/@clerc/plugin-strict-flags/-/plugin-strict-flags-0.44.0.tgz",
      "integrity": "sha512-8ztQrn4pfCj6b/sDN1mU0MVlfSqp3qHohW59v6k6nS3UUnYytJDU5wZQZmQ+7t3DZqjw+Xle6ZzEIWQatAdZ9A==",
      "requires": {}
    },
    "@clerc/plugin-version": {
      "version": "0.44.0",
      "resolved": "https://registry.npmjs.org/@clerc/plugin-version/-/plugin-version-0.44.0.tgz",
      "integrity": "sha512-YETH54A0sO32oJcLABpb4P5FyhEkhIhe5oe3IXyeUj9/LMcInvKCm6x/gDMIUjTQuh0a5l4iton0A1RscAANhw==",
      "requires": {
        "@clerc/utils": "0.44.0"
      }
    },
    "@clerc/utils": {
      "version": "0.44.0",
      "resolved": "https://registry.npmjs.org/@clerc/utils/-/utils-0.44.0.tgz",
      "integrity": "sha512-//1zl8UgVhv1NbqsRoCWWci0Y9uBxzAVn8TqoKZchDywGQNZWK6vQI/Ms9uGe3+PZTDXedoXbVjklOINcVC2aA==",
      "requires": {}
    },
    "@types/node": {
      "version": "20.12.7",
      "resolved": "https://registry.npmjs.org/@types/node/-/node-20.12.7.tgz",
      "integrity": "sha512-wq0cICSkRLVaf3UGLMGItu/PtdY7oaXaI/RVU+xliKVOtRna3PRY57ZDfztpDL0n11vfymMUnXv8QwYCO7L1wg==",
      "requires": {
        "undici-types": "~5.26.4"
      }
    },
    "@types/text-table": {
      "version": "0.2.5",
      "resolved": "https://registry.npmjs.org/@types/text-table/-/text-table-0.2.5.tgz",
      "integrity": "sha512-hcZhlNvMkQG/k1vcZ6yHOl6WAYftQ2MLfTHcYRZ2xYZFD8tGVnE3qFV0lj1smQeDSR7/yY0PyuUalauf33bJeA=="
    },
    "ansi-regex": {
      "version": "6.0.1",
      "resolved": "https://registry.npmjs.org/ansi-regex/-/ansi-regex-6.0.1.tgz",
      "integrity": "sha512-n5M855fKb2SsfMIiFFoVrABHJC8QtHwVx+mHWP3QcEqBHYienj5dHSgjbxtC0WEZXYt4wcD6zrQElDPhFuZgfA=="
    },
    "camelcase": {
      "version": "8.0.0",
      "resolved": "https://registry.npmjs.org/camelcase/-/camelcase-8.0.0.tgz",
      "integrity": "sha512-8WB3Jcas3swSvjIeA2yvCJ+Miyz5l1ZmB6HFb9R1317dt9LCQoswg/BGrmAmkWVEszSrrg4RwmO46qIm2OEnSA=="
    },
    "clerc": {
      "version": "0.44.0",
      "resolved": "https://registry.npmjs.org/clerc/-/clerc-0.44.0.tgz",
      "integrity": "sha512-fy7JcE7qW3hi5hvPeaEXKdgzeOz3WwE8Nd1SCfOpOSyWxoFJsLuHwUhwFggvJqEJIQ6kLTLZ7yWguwoTcMXO5w==",
      "requires": {
        "@clerc/core": "0.44.0",
        "@clerc/plugin-completions": "0.44.0",
        "@clerc/plugin-friendly-error": "0.44.0",
        "@clerc/plugin-help": "0.44.0",
        "@clerc/plugin-not-found": "0.44.0",
        "@clerc/plugin-strict-flags": "0.44.0",
        "@clerc/plugin-version": "0.44.0"
      }
    },
    "defu": {
      "version": "6.1.4",
      "resolved": "https://registry.npmjs.org/defu/-/defu-6.1.4.tgz",
      "integrity": "sha512-mEQCMmwJu317oSz8CwdIOdwf3xMif1ttiM8LTufzc3g6kR+9Pe236twL8j3IYT1F7GfRgGcW6MWxzZjLIkuHIg=="
    },
    "didyoumean2": {
      "version": "6.0.1",
      "resolved": "https://registry.npmjs.org/didyoumean2/-/didyoumean2-6.0.1.tgz",
      "integrity": "sha512-PSy0zQwMg5O+LjT5Mz7vnKC8I7DfWLPF6M7oepqW7WP5mn2CY3hz46xZOa1GJY+KVfyXhdmz6+tdgXwrHlZc5g==",
      "requires": {
        "@babel/runtime": "^7.19.0",
        "fastest-levenshtein": "^1.0.12",
        "lodash.deburr": "^4.1.0"
      }
    },
    "eastasianwidth": {
      "version": "0.2.0",
      "resolved": "https://registry.npmjs.org/eastasianwidth/-/eastasianwidth-0.2.0.tgz",
      "integrity": "sha512-I88TYZWc9XiYHRQ4/3c5rjjfgkjhLyW2luGIheGERbNQ6OY7yTybanSpDXZa8y7VUP9YmDcYa+eyq4ca7iLqWA=="
    },
    "emoji-regex": {
      "version": "10.3.0",
      "resolved": "https://registry.npmjs.org/emoji-regex/-/emoji-regex-10.3.0.tgz",
      "integrity": "sha512-QpLs9D9v9kArv4lfDEgg1X/gN5XLnf/A6l9cs8SPZLRZR3ZkY9+kwIQTxm+fsSej5UMYGE8fdoaZVIBlqG0XTw=="
    },
    "escape-string-regexp": {
      "version": "5.0.0",
      "resolved": "https://registry.npmjs.org/escape-string-regexp/-/escape-string-regexp-5.0.0.tgz",
      "integrity": "sha512-/veY75JbMK4j1yjvuUxuVsiS/hr/4iHs9FTT6cgTexxdE0Ly/glccBAkloH/DofkjRbZU3bnoj38mOmhkZ0lHw=="
    },
    "fastest-levenshtein": {
      "version": "1.0.16",
      "resolved": "https://registry.npmjs.org/fastest-levenshtein/-/fastest-levenshtein-1.0.16.tgz",
      "integrity": "sha512-eRnCtTTtGZFpQCwhJiUOuxPQWRXVKYDn0b2PeHfXL6/Zi53SLAzAHfVhVWK2AryC/WH05kGfxhFIPvTF0SXQzg=="
    },
    "figures": {
      "version": "5.0.0",
      "resolved": "https://registry.npmjs.org/figures/-/figures-5.0.0.tgz",
      "integrity": "sha512-ej8ksPF4x6e5wvK9yevct0UCXh8TTFlWGVLlgjZuoBH1HwjIfKE/IdL5mq89sFA7zELi1VhKpmtDnrs7zWyeyg==",
      "requires": {
        "escape-string-regexp": "^5.0.0",
        "is-unicode-supported": "^1.2.0"
      }
    },
    "is-platform": {
      "version": "1.0.0",
      "resolved": "https://registry.npmjs.org/is-platform/-/is-platform-1.0.0.tgz",
      "integrity": "sha512-AKxe6+dvzAQsDXhhhxGRL9G67q5rKiyTL0BUl5mCyQz2NdvmqWNmMsjoCOIVdyXOYpP6MhkmZ1DPYGkfgv0MpA=="
    },
    "is-unicode-supported": {
      "version": "1.3.0",
      "resolved": "https://registry.npmjs.org/is-unicode-supported/-/is-unicode-supported-1.3.0.tgz",
      "integrity": "sha512-43r2mRvz+8JRIKnWJ+3j8JtjRKZ6GmjzfaE/qiBJnikNnYv/6bagRJ1kUhNk8R5EX/GkobD+r+sfxCPJsiKBLQ=="
    },
    "kons": {
      "version": "0.7.1",
      "resolved": "https://registry.npmjs.org/kons/-/kons-0.7.1.tgz",
      "integrity": "sha512-mW1CkTgrLeIQjiBYd1n0U73T/2W7Vdzxx8rpta5Q4cSDAlr8hXw+ZctxGZlGgdUAmlcDlpkh0vUX8AOW+y1dog==",
      "requires": {
        "figures": "5.0.0",
        "picocolors": "^1.0.0"
      }
    },
    "lite-emit": {
      "version": "2.3.0",
      "resolved": "https://registry.npmjs.org/lite-emit/-/lite-emit-2.3.0.tgz",
      "integrity": "sha512-QMPrnwPho7lfkzZUN3a0RJ/oiwpt464eXf6aVh1HGOYh+s7Utu78q3FcFbW59c8TNWWQaz9flKN1cEb8dmxD+g=="
    },
    "lodash.deburr": {
      "version": "4.1.0",
      "resolved": "https://registry.npmjs.org/lodash.deburr/-/lodash.deburr-4.1.0.tgz",
      "integrity": "sha512-m/M1U1f3ddMCs6Hq2tAsYThTBDaAKFDX3dwDo97GEYzamXi9SqUpjWi/Rrj/gf3X2n8ktwgZrlP1z6E3v/IExQ=="
    },
    "picocolors": {
      "version": "1.0.0",
      "resolved": "https://registry.npmjs.org/picocolors/-/picocolors-1.0.0.tgz",
      "integrity": "sha512-1fygroTLlHu66zi26VoTDv8yRgm0Fccecssto+MhsZ0D/DGW2sm8E8AjW7NU5VVTRt5GxbeZ5qBuJr+HyLYkjQ=="
    },
    "regenerator-runtime": {
      "version": "0.14.1",
      "resolved": "https://registry.npmjs.org/regenerator-runtime/-/regenerator-runtime-0.14.1.tgz",
      "integrity": "sha512-dYnhHh0nJoMfnkZs6GmmhFknAGRrLznOu5nc9ML+EJxGvrx6H7teuevqVqCuPcPK//3eDrrjQhehXVx9cnkGdw=="
    },
    "string-width": {
      "version": "6.1.0",
      "resolved": "https://registry.npmjs.org/string-width/-/string-width-6.1.0.tgz",
      "integrity": "sha512-k01swCJAgQmuADB0YIc+7TuatfNvTBVOoaUWJjTB9R4VJzR5vNWzf5t42ESVZFPS8xTySF7CAdV4t/aaIm3UnQ==",
      "requires": {
        "eastasianwidth": "^0.2.0",
        "emoji-regex": "^10.2.1",
        "strip-ansi": "^7.0.1"
      }
    },
    "strip-ansi": {
      "version": "7.1.0",
      "resolved": "https://registry.npmjs.org/strip-ansi/-/strip-ansi-7.1.0.tgz",
      "integrity": "sha512-iq6eVVI64nQQTRYq2KtEg2d2uU7LElhTJwsH4YzIHZshxlgZms/wIc4VoDQTlG/IvVIrBKG06CrZnp0qv7hkcQ==",
      "requires": {
        "ansi-regex": "^6.0.1"
      }
    },
    "text-table": {
      "version": "0.2.0",
      "resolved": "https://registry.npmjs.org/text-table/-/text-table-0.2.0.tgz",
      "integrity": "sha512-N+8UisAXDGk8PFXP4HAzVR9nbfmVJ3zYLAWiTIoqC5v5isinhr+r5uaO8+7r3BMfuNIufIsA7RdpVgacC2cSpw=="
    },
    "type-fest": {
      "version": "4.18.0",
      "resolved": "https://registry.npmjs.org/type-fest/-/type-fest-4.18.0.tgz",
      "integrity": "sha512-+dbmiyliDY/2TTcjCS7NpI9yV2iEFlUDk5TKnsbkN7ZoRu5s7bT+zvYtNFhFXC2oLwURGT2frACAZvbbyNBI+w=="
    },
    "type-flag": {
      "version": "3.0.0",
      "resolved": "https://registry.npmjs.org/type-flag/-/type-flag-3.0.0.tgz",
      "integrity": "sha512-3YaYwMseXCAhBB14RXW5cRQfJQlEknS6i4C8fCfeUdS3ihG9EdccdR9kt3vP73ZdeTGmPb4bZtkDn5XMIn1DLA=="
    },
    "undici-types": {
      "version": "5.26.5",
      "resolved": "https://registry.npmjs.org/undici-types/-/undici-types-5.26.5.tgz",
      "integrity": "sha512-JlCMO+ehdEIKqlFxk6IfVoAUVmgz7cU7zD/h9XZ0qzeosSHmUJVOzSQvvYSYWXkFXC+IfLKSIffhv0sVZup6pA=="
    },
    "yoctocolors": {
      "version": "1.0.0",
      "resolved": "https://registry.npmjs.org/yoctocolors/-/yoctocolors-1.0.0.tgz",
      "integrity": "sha512-qJNAmSF77lWjfRVwCZK3PcKYWrr+55RUQTiXDxXHGbxzf8WuuRgftIB3hqZ5fykjOF/MC62cazsG/2ZDBedOnQ=="
    }
  }
}
